{
  "name": "@panter/vue-i18next",
  "version": "0.4.0",
  "lockfileVersion": 1,
  "requires": true,
  "dependencies": {
    "@babel/runtime": {
      "version": "7.5.5",
      "resolved": "https://package.pentium.network/repository/npm-group/@babel/runtime/-/runtime-7.5.5.tgz",
      "integrity": "sha512-28QvEGyQyNkB0/m2B4FU7IEZGK2NUrcMtT6BZEFALTguLk+AUT6ofsHtPk5QyjAdUkpMJ+/Em+quwz4HOt30AQ==",
      "requires": {
        "regenerator-runtime": "^0.13.2"
      }
    },
    "@pentium/app-i18next": {
      "version": "0.0.1",
      "resolved": "https://package.pentium.network/repository/npm-group/@pentium/app-i18next/-/app-i18next-0.0.1.tgz",
      "integrity": "sha512-kfWwPAJSEdbnojiQ+EqRRdvsxZmYuGrnAXyBBDT8DdcefDxZCkE5LaQZDX9M55lfbUkgJO1NoYq0NSiSB1kjhA==",
      "requires": {
        "@babel/runtime": "^7.3.1"
      }
    },
    "regenerator-runtime": {
      "version": "0.13.3",
      "resolved": "https://package.pentium.network/repository/npm-group/regenerator-runtime/-/regenerator-runtime-0.13.3.tgz",
      "integrity": "sha512-naKIZz2GQ8JWh///G7L3X6LaQUAMp2lvb1rvwwsURe/VXwD6VMfr+/1NuNw3ag8v2kY1aQ/go5SNn79O9JU7yw=="
    }
  }
}
